// !$*UTF8*$!
{
	archiveVersion = 1;
	classes = {
	};
	objectVersion = 50;
	objects = {

/* Begin PBXBuildFile section */
		1862CAAA26006E24009D8E44 /* AppDelegate.swift in Sources */ = {isa = PBXBuildFile; fileRef = 1862CAA926006E24009D8E44 /* AppDelegate.swift */; };
		1862CAAC26006E24009D8E44 /* SceneDelegate.swift in Sources */ = {isa = PBXBuildFile; fileRef = 1862CAAB26006E24009D8E44 /* SceneDelegate.swift */; };
		1862CAAE26006E24009D8E44 /* ContentView.swift in Sources */ = {isa = PBXBuildFile; fileRef = 1862CAAD26006E24009D8E44 /* ContentView.swift */; };
		1862CAB026006E2A009D8E44 /* Assets.xcassets in Resources */ = {isa = PBXBuildFile; fileRef = 1862CAAF26006E2A009D8E44 /* Assets.xcassets */; };
		1862CAB326006E2A009D8E44 /* Preview Assets.xcassets in Resources */ = {isa = PBXBuildFile; fileRef = 1862CAB226006E2A009D8E44 /* Preview Assets.xcassets */; };
		1862CAB626006E2A009D8E44 /* LaunchScreen.storyboard in Resources */ = {isa = PBXBuildFile; fileRef = 1862CAB426006E2A009D8E44 /* LaunchScreen.storyboard */; };
		1862CAC126006E2B009D8E44 /* ProdCompTests.swift in Sources */ = {isa = PBXBuildFile; fileRef = 1862CAC026006E2B009D8E44 /* ProdCompTests.swift */; };
		1862CACC26006E2B009D8E44 /* ProdCompUITests.swift in Sources */ = {isa = PBXBuildFile; fileRef = 1862CACB26006E2B009D8E44 /* ProdCompUITests.swift */; };
		1862CADE26014B1C009D8E44 /* HomeVC.swift in Sources */ = {isa = PBXBuildFile; fileRef = 1862CADD26014B1C009D8E44 /* HomeVC.swift */; };
		1862CAE72601527E009D8E44 /* FriendsVC.swift in Sources */ = {isa = PBXBuildFile; fileRef = 1862CAE62601527E009D8E44 /* FriendsVC.swift */; };
		1862CAF626015485009D8E44 /* TaskVC.swift in Sources */ = {isa = PBXBuildFile; fileRef = 1862CAF526015485009D8E44 /* TaskVC.swift */; };
		1862CB0926046CC1009D8E44 /* DateViewController.swift in Sources */ = {isa = PBXBuildFile; fileRef = 1862CB0826046CC1009D8E44 /* DateViewController.swift */; };
		18D068FD2606D8EE009AA67E /* LoginVC.swift in Sources */ = {isa = PBXBuildFile; fileRef = 18D068FC2606D8EE009AA67E /* LoginVC.swift */; };
		18D0690226080A7D009AA67E /* userData.swift in Sources */ = {isa = PBXBuildFile; fileRef = 18D0690126080A7D009AA67E /* userData.swift */; };
/* End PBXBuildFile section */

/* Begin PBXContainerItemProxy section */
		1862CABD26006E2B009D8E44 /* PBXContainerItemProxy */ = {
			isa = PBXContainerItemProxy;
			containerPortal = 1862CA9E26006E24009D8E44 /* Project object */;
			proxyType = 1;
			remoteGlobalIDString = 1862CAA526006E24009D8E44;
			remoteInfo = ProdComp;
		};
		1862CAC826006E2B009D8E44 /* PBXContainerItemProxy */ = {
			isa = PBXContainerItemProxy;
			containerPortal = 1862CA9E26006E24009D8E44 /* Project object */;
			proxyType = 1;
			remoteGlobalIDString = 1862CAA526006E24009D8E44;
			remoteInfo = ProdComp;
		};
/* End PBXContainerItemProxy section */

/* Begin PBXFileReference section */
		1862CAA626006E24009D8E44 /* ProdComp.app */ = {isa = PBXFileReference; explicitFileType = wrapper.application; includeInIndex = 0; path = ProdComp.app; sourceTree = BUILT_PRODUCTS_DIR; };
		1862CAA926006E24009D8E44 /* AppDelegate.swift */ = {isa = PBXFileReference; lastKnownFileType = sourcecode.swift; path = AppDelegate.swift; sourceTree = "<group>"; };
		1862CAAB26006E24009D8E44 /* SceneDelegate.swift */ = {isa = PBXFileReference; lastKnownFileType = sourcecode.swift; path = SceneDelegate.swift; sourceTree = "<group>"; };
		1862CAAD26006E24009D8E44 /* ContentView.swift */ = {isa = PBXFileReference; lastKnownFileType = sourcecode.swift; path = ContentView.swift; sourceTree = "<group>"; };
		1862CAAF26006E2A009D8E44 /* Assets.xcassets */ = {isa = PBXFileReference; lastKnownFileType = folder.assetcatalog; path = Assets.xcassets; sourceTree = "<group>"; };
		1862CAB226006E2A009D8E44 /* Preview Assets.xcassets */ = {isa = PBXFileReference; lastKnownFileType = folder.assetcatalog; path = "Preview Assets.xcassets"; sourceTree = "<group>"; };
		1862CAB526006E2A009D8E44 /* Base */ = {isa = PBXFileReference; lastKnownFileType = file.storyboard; name = Base; path = Base.lproj/LaunchScreen.storyboard; sourceTree = "<group>"; };
		1862CAB726006E2A009D8E44 /* Info.plist */ = {isa = PBXFileReference; lastKnownFileType = text.plist.xml; path = Info.plist; sourceTree = "<group>"; };
		1862CABC26006E2B009D8E44 /* ProdCompTests.xctest */ = {isa = PBXFileReference; explicitFileType = wrapper.cfbundle; includeInIndex = 0; path = ProdCompTests.xctest; sourceTree = BUILT_PRODUCTS_DIR; };
		1862CAC026006E2B009D8E44 /* ProdCompTests.swift */ = {isa = PBXFileReference; lastKnownFileType = sourcecode.swift; path = ProdCompTests.swift; sourceTree = "<group>"; };
		1862CAC226006E2B009D8E44 /* Info.plist */ = {isa = PBXFileReference; lastKnownFileType = text.plist.xml; path = Info.plist; sourceTree = "<group>"; };
		1862CAC726006E2B009D8E44 /* ProdCompUITests.xctest */ = {isa = PBXFileReference; explicitFileType = wrapper.cfbundle; includeInIndex = 0; path = ProdCompUITests.xctest; sourceTree = BUILT_PRODUCTS_DIR; };
		1862CACB26006E2B009D8E44 /* ProdCompUITests.swift */ = {isa = PBXFileReference; lastKnownFileType = sourcecode.swift; path = ProdCompUITests.swift; sourceTree = "<group>"; };
		1862CACD26006E2B009D8E44 /* Info.plist */ = {isa = PBXFileReference; lastKnownFileType = text.plist.xml; path = Info.plist; sourceTree = "<group>"; };
		1862CADD26014B1C009D8E44 /* HomeVC.swift */ = {isa = PBXFileReference; lastKnownFileType = sourcecode.swift; path = HomeVC.swift; sourceTree = "<group>"; };
		1862CAE62601527E009D8E44 /* FriendsVC.swift */ = {isa = PBXFileReference; lastKnownFileType = sourcecode.swift; path = FriendsVC.swift; sourceTree = "<group>"; };
		1862CAF526015485009D8E44 /* TaskVC.swift */ = {isa = PBXFileReference; lastKnownFileType = sourcecode.swift; path = TaskVC.swift; sourceTree = "<group>"; };
		1862CB0826046CC1009D8E44 /* DateViewController.swift */ = {isa = PBXFileReference; lastKnownFileType = sourcecode.swift; path = DateViewController.swift; sourceTree = "<group>"; };
		18D068FC2606D8EE009AA67E /* LoginVC.swift */ = {isa = PBXFileReference; lastKnownFileType = sourcecode.swift; path = LoginVC.swift; sourceTree = "<group>"; };
		18D0690126080A7D009AA67E /* userData.swift */ = {isa = PBXFileReference; lastKnownFileType = sourcecode.swift; path = userData.swift; sourceTree = "<group>"; };
/* End PBXFileReference section */

/* Begin PBXFrameworksBuildPhase section */
		1862CAA326006E24009D8E44 /* Frameworks */ = {
			isa = PBXFrameworksBuildPhase;
			buildActionMask = 2147483647;
			files = (
			);
			runOnlyForDeploymentPostprocessing = 0;
		};
		1862CAB926006E2B009D8E44 /* Frameworks */ = {
			isa = PBXFrameworksBuildPhase;
			buildActionMask = 2147483647;
			files = (
			);
			runOnlyForDeploymentPostprocessing = 0;
		};
		1862CAC426006E2B009D8E44 /* Frameworks */ = {
			isa = PBXFrameworksBuildPhase;
			buildActionMask = 2147483647;
			files = (
			);
			runOnlyForDeploymentPostprocessing = 0;
		};
/* End PBXFrameworksBuildPhase section */

/* Begin PBXGroup section */
		1862CA9D26006E24009D8E44 = {
			isa = PBXGroup;
			children = (
				1862CAA826006E24009D8E44 /* ProdComp */,
				1862CABF26006E2B009D8E44 /* ProdCompTests */,
				1862CACA26006E2B009D8E44 /* ProdCompUITests */,
				1862CAA726006E24009D8E44 /* Products */,
			);
			sourceTree = "<group>";
		};
		1862CAA726006E24009D8E44 /* Products */ = {
			isa = PBXGroup;
			children = (
				1862CAA626006E24009D8E44 /* ProdComp.app */,
				1862CABC26006E2B009D8E44 /* ProdCompTests.xctest */,
				1862CAC726006E2B009D8E44 /* ProdCompUITests.xctest */,
			);
			name = Products;
			sourceTree = "<group>";
		};
		1862CAA826006E24009D8E44 /* ProdComp */ = {
			isa = PBXGroup;
			children = (
				1862CAA926006E24009D8E44 /* AppDelegate.swift */,
				1862CAE226014B22009D8E44 /* Views */,
				1862CAAB26006E24009D8E44 /* SceneDelegate.swift */,
				1862CAAD26006E24009D8E44 /* ContentView.swift */,
				18D0690626080A83009AA67E /* Data */,
				1862CB0826046CC1009D8E44 /* DateViewController.swift */,
				1862CAAF26006E2A009D8E44 /* Assets.xcassets */,
				1862CAB426006E2A009D8E44 /* LaunchScreen.storyboard */,
				1862CAB726006E2A009D8E44 /* Info.plist */,
				1862CAB126006E2A009D8E44 /* Preview Content */,
			);
			path = ProdComp;
			sourceTree = "<group>";
		};
		1862CAB126006E2A009D8E44 /* Preview Content */ = {
			isa = PBXGroup;
			children = (
				1862CAB226006E2A009D8E44 /* Preview Assets.xcassets */,
			);
			path = "Preview Content";
			sourceTree = "<group>";
		};
		1862CABF26006E2B009D8E44 /* ProdCompTests */ = {
			isa = PBXGroup;
			children = (
				1862CAC026006E2B009D8E44 /* ProdCompTests.swift */,
				1862CAC226006E2B009D8E44 /* Info.plist */,
			);
			path = ProdCompTests;
			sourceTree = "<group>";
		};
		1862CACA26006E2B009D8E44 /* ProdCompUITests */ = {
			isa = PBXGroup;
			children = (
				1862CACB26006E2B009D8E44 /* ProdCompUITests.swift */,
				1862CACD26006E2B009D8E44 /* Info.plist */,
			);
			path = ProdCompUITests;
			sourceTree = "<group>";
		};
		1862CAE226014B22009D8E44 /* Views */ = {
			isa = PBXGroup;
			children = (
				1862CADD26014B1C009D8E44 /* HomeVC.swift */,
				1862CAE62601527E009D8E44 /* FriendsVC.swift */,
				1862CAF526015485009D8E44 /* TaskVC.swift */,
				18D068FC2606D8EE009AA67E /* LoginVC.swift */,
			);
			path = Views;
			sourceTree = "<group>";
		};
		18D0690626080A83009AA67E /* Data */ = {
			isa = PBXGroup;
			children = (
				18D0690126080A7D009AA67E /* userData.swift */,
			);
			path = Data;
			sourceTree = "<group>";
		};
/* End PBXGroup section */

/* Begin PBXNativeTarget section */
		1862CAA526006E24009D8E44 /* ProdComp */ = {
			isa = PBXNativeTarget;
			buildConfigurationList = 1862CAD026006E2B009D8E44 /* Build configuration list for PBXNativeTarget "ProdComp" */;
			buildPhases = (
				1862CAA226006E24009D8E44 /* Sources */,
				1862CAA326006E24009D8E44 /* Frameworks */,
				1862CAA426006E24009D8E44 /* Resources */,
			);
			buildRules = (
			);
			dependencies = (
			);
			name = ProdComp;
			productName = ProdComp;
			productReference = 1862CAA626006E24009D8E44 /* ProdComp.app */;
			productType = "com.apple.product-type.application";
		};
		1862CABB26006E2B009D8E44 /* ProdCompTests */ = {
			isa = PBXNativeTarget;
			buildConfigurationList = 1862CAD326006E2B009D8E44 /* Build configuration list for PBXNativeTarget "ProdCompTests" */;
			buildPhases = (
				1862CAB826006E2B009D8E44 /* Sources */,
				1862CAB926006E2B009D8E44 /* Frameworks */,
				1862CABA26006E2B009D8E44 /* Resources */,
			);
			buildRules = (
			);
			dependencies = (
				1862CABE26006E2B009D8E44 /* PBXTargetDependency */,
			);
			name = ProdCompTests;
			productName = ProdCompTests;
			productReference = 1862CABC26006E2B009D8E44 /* ProdCompTests.xctest */;
			productType = "com.apple.product-type.bundle.unit-test";
		};
		1862CAC626006E2B009D8E44 /* ProdCompUITests */ = {
			isa = PBXNativeTarget;
			buildConfigurationList = 1862CAD626006E2B009D8E44 /* Build configuration list for PBXNativeTarget "ProdCompUITests" */;
			buildPhases = (
				1862CAC326006E2B009D8E44 /* Sources */,
				1862CAC426006E2B009D8E44 /* Frameworks */,
				1862CAC526006E2B009D8E44 /* Resources */,
			);
			buildRules = (
			);
			dependencies = (
				1862CAC926006E2B009D8E44 /* PBXTargetDependency */,
			);
			name = ProdCompUITests;
			productName = ProdCompUITests;
			productReference = 1862CAC726006E2B009D8E44 /* ProdCompUITests.xctest */;
			productType = "com.apple.product-type.bundle.ui-testing";
		};
/* End PBXNativeTarget section */

/* Begin PBXProject section */
		1862CA9E26006E24009D8E44 /* Project object */ = {
			isa = PBXProject;
			attributes = {
				LastSwiftUpdateCheck = 1240;
				LastUpgradeCheck = 1240;
				TargetAttributes = {
					1862CAA526006E24009D8E44 = {
						CreatedOnToolsVersion = 12.4;
					};
					1862CABB26006E2B009D8E44 = {
						CreatedOnToolsVersion = 12.4;
						TestTargetID = 1862CAA526006E24009D8E44;
					};
					1862CAC626006E2B009D8E44 = {
						CreatedOnToolsVersion = 12.4;
						TestTargetID = 1862CAA526006E24009D8E44;
					};
				};
			};
			buildConfigurationList = 1862CAA126006E24009D8E44 /* Build configuration list for PBXProject "ProdComp" */;
			compatibilityVersion = "Xcode 9.3";
			developmentRegion = en;
			hasScannedForEncodings = 0;
			knownRegions = (
				en,
				Base,
			);
			mainGroup = 1862CA9D26006E24009D8E44;
			productRefGroup = 1862CAA726006E24009D8E44 /* Products */;
			projectDirPath = "";
			projectRoot = "";
			targets = (
				1862CAA526006E24009D8E44 /* ProdComp */,
				1862CABB26006E2B009D8E44 /* ProdCompTests */,
				1862CAC626006E2B009D8E44 /* ProdCompUITests */,
			);
		};
/* End PBXProject section */

/* Begin PBXResourcesBuildPhase section */
		1862CAA426006E24009D8E44 /* Resources */ = {
			isa = PBXResourcesBuildPhase;
			buildActionMask = 2147483647;
			files = (
				1862CAB626006E2A009D8E44 /* LaunchScreen.storyboard in Resources */,
				1862CAB326006E2A009D8E44 /* Preview Assets.xcassets in Resources */,
				1862CAB026006E2A009D8E44 /* Assets.xcassets in Resources */,
			);
			runOnlyForDeploymentPostprocessing = 0;
		};
		1862CABA26006E2B009D8E44 /* Resources */ = {
			isa = PBXResourcesBuildPhase;
			buildActionMask = 2147483647;
			files = (
			);
			runOnlyForDeploymentPostprocessing = 0;
		};
		1862CAC526006E2B009D8E44 /* Resources */ = {
			isa = PBXResourcesBuildPhase;
			buildActionMask = 2147483647;
			files = (
			);
			runOnlyForDeploymentPostprocessing = 0;
		};
/* End PBXResourcesBuildPhase section */

/* Begin PBXSourcesBuildPhase section */
		1862CAA226006E24009D8E44 /* Sources */ = {
			isa = PBXSourcesBuildPhase;
			buildActionMask = 2147483647;
			files = (
				1862CAE72601527E009D8E44 /* FriendsVC.swift in Sources */,
				1862CAAA26006E24009D8E44 /* AppDelegate.swift in Sources */,
				18D068FD2606D8EE009AA67E /* LoginVC.swift in Sources */,
				18D0690226080A7D009AA67E /* userData.swift in Sources */,
				1862CADE26014B1C009D8E44 /* HomeVC.swift in Sources */,
				1862CAF626015485009D8E44 /* TaskVC.swift in Sources */,
				1862CAAC26006E24009D8E44 /* SceneDelegate.swift in Sources */,
				1862CB0926046CC1009D8E44 /* DateViewController.swift in Sources */,
				1862CAAE26006E24009D8E44 /* ContentView.swift in Sources */,
			);
			runOnlyForDeploymentPostprocessing = 0;
		};
		1862CAB826006E2B009D8E44 /* Sources */ = {
			isa = PBXSourcesBuildPhase;
			buildActionMask = 2147483647;
			files = (
				1862CAC126006E2B009D8E44 /* ProdCompTests.swift in Sources */,
			);
			runOnlyForDeploymentPostprocessing = 0;
		};
		1862CAC326006E2B009D8E44 /* Sources */ = {
			isa = PBXSourcesBuildPhase;
			buildActionMask = 2147483647;
			files = (
				1862CACC26006E2B009D8E44 /* ProdCompUITests.swift in Sources */,
			);
			runOnlyForDeploymentPostprocessing = 0;
		};
/* End PBXSourcesBuildPhase section */

/* Begin PBXTargetDependency section */
		1862CABE26006E2B009D8E44 /* PBXTargetDependency */ = {
			isa = PBXTargetDependency;
			target = 1862CAA526006E24009D8E44 /* ProdComp */;
			targetProxy = 1862CABD26006E2B009D8E44 /* PBXContainerItemProxy */;
		};
		1862CAC926006E2B009D8E44 /* PBXTargetDependency */ = {
			isa = PBXTargetDependency;
			target = 1862CAA526006E24009D8E44 /* ProdComp */;
			targetProxy = 1862CAC826006E2B009D8E44 /* PBXContainerItemProxy */;
		};
/* End PBXTargetDependency section */

/* Begin PBXVariantGroup section */
		1862CAB426006E2A009D8E44 /* LaunchScreen.storyboard */ = {
			isa = PBXVariantGroup;
			children = (
				1862CAB526006E2A009D8E44 /* Base */,
			);
			name = LaunchScreen.storyboard;
			sourceTree = "<group>";
		};
/* End PBXVariantGroup section */

/* Begin XCBuildConfiguration section */
		1862CACE26006E2B009D8E44 /* Debug */ = {
			isa = XCBuildConfiguration;
			buildSettings = {
				ALWAYS_SEARCH_USER_PATHS = NO;
				CLANG_ANALYZER_NONNULL = YES;
				CLANG_ANALYZER_NUMBER_OBJECT_CONVERSION = YES_AGGRESSIVE;
				CLANG_CXX_LANGUAGE_STANDARD = "gnu++14";
				CLANG_CXX_LIBRARY = "libc++";
				CLANG_ENABLE_MODULES = YES;
				CLANG_ENABLE_OBJC_ARC = YES;
				CLANG_ENABLE_OBJC_WEAK = YES;
				CLANG_WARN_BLOCK_CAPTURE_AUTORELEASING = YES;
				CLANG_WARN_BOOL_CONVERSION = YES;
				CLANG_WARN_COMMA = YES;
				CLANG_WARN_CONSTANT_CONVERSION = YES;
				CLANG_WARN_DEPRECATED_OBJC_IMPLEMENTATIONS = YES;
				CLANG_WARN_DIRECT_OBJC_ISA_USAGE = YES_ERROR;
				CLANG_WARN_DOCUMENTATION_COMMENTS = YES;
				CLANG_WARN_EMPTY_BODY = YES;
				CLANG_WARN_ENUM_CONVERSION = YES;
				CLANG_WARN_INFINITE_RECURSION = YES;
				CLANG_WARN_INT_CONVERSION = YES;
				CLANG_WARN_NON_LITERAL_NULL_CONVERSION = YES;
				CLANG_WARN_OBJC_IMPLICIT_RETAIN_SELF = YES;
				CLANG_WARN_OBJC_LITERAL_CONVERSION = YES;
				CLANG_WARN_OBJC_ROOT_CLASS = YES_ERROR;
				CLANG_WARN_QUOTED_INCLUDE_IN_FRAMEWORK_HEADER = YES;
				CLANG_WARN_RANGE_LOOP_ANALYSIS = YES;
				CLANG_WARN_STRICT_PROTOTYPES = YES;
				CLANG_WARN_SUSPICIOUS_MOVE = YES;
				CLANG_WARN_UNGUARDED_AVAILABILITY = YES_AGGRESSIVE;
				CLANG_WARN_UNREACHABLE_CODE = YES;
				CLANG_WARN__DUPLICATE_METHOD_MATCH = YES;
				COPY_PHASE_STRIP = NO;
				DEBUG_INFORMATION_FORMAT = dwarf;
				ENABLE_STRICT_OBJC_MSGSEND = YES;
				ENABLE_TESTABILITY = YES;
				GCC_C_LANGUAGE_STANDARD = gnu11;
				GCC_DYNAMIC_NO_PIC = NO;
				GCC_NO_COMMON_BLOCKS = YES;
				GCC_OPTIMIZATION_LEVEL = 0;
				GCC_PREPROCESSOR_DEFINITIONS = (
					"DEBUG=1",
					"$(inherited)",
				);
				GCC_WARN_64_TO_32_BIT_CONVERSION = YES;
				GCC_WARN_ABOUT_RETURN_TYPE = YES_ERROR;
				GCC_WARN_UNDECLARED_SELECTOR = YES;
				GCC_WARN_UNINITIALIZED_AUTOS = YES_AGGRESSIVE;
				GCC_WARN_UNUSED_FUNCTION = YES;
				GCC_WARN_UNUSED_VARIABLE = YES;
				IPHONEOS_DEPLOYMENT_TARGET = 14.4;
				MTL_ENABLE_DEBUG_INFO = INCLUDE_SOURCE;
				MTL_FAST_MATH = YES;
				ONLY_ACTIVE_ARCH = YES;
				SDKROOT = iphoneos;
				SWIFT_ACTIVE_COMPILATION_CONDITIONS = DEBUG;
				SWIFT_OPTIMIZATION_LEVEL = "-Onone";
			};
			name = Debug;
		};
		1862CACF26006E2B009D8E44 /* Release */ = {
			isa = XCBuildConfiguration;
			buildSettings = {
				ALWAYS_SEARCH_USER_PATHS = NO;
				CLANG_ANALYZER_NONNULL = YES;
				CLANG_ANALYZER_NUMBER_OBJECT_CONVERSION = YES_AGGRESSIVE;
				CLANG_CXX_LANGUAGE_STANDARD = "gnu++14";
				CLANG_CXX_LIBRARY = "libc++";
				CLANG_ENABLE_MODULES = YES;
				CLANG_ENABLE_OBJC_ARC = YES;
				CLANG_ENABLE_OBJC_WEAK = YES;
				CLANG_WARN_BLOCK_CAPTURE_AUTORELEASING = YES;
				CLANG_WARN_BOOL_CONVERSION = YES;
				CLANG_WARN_COMMA = YES;
				CLANG_WARN_CONSTANT_CONVERSION = YES;
				CLANG_WARN_DEPRECATED_OBJC_IMPLEMENTATIONS = YES;
				CLANG_WARN_DIRECT_OBJC_ISA_USAGE = YES_ERROR;
				CLANG_WARN_DOCUMENTATION_COMMENTS = YES;
				CLANG_WARN_EMPTY_BODY = YES;
				CLANG_WARN_ENUM_CONVERSION = YES;
				CLANG_WARN_INFINITE_RECURSION = YES;
				CLANG_WARN_INT_CONVERSION = YES;
				CLANG_WARN_NON_LITERAL_NULL_CONVERSION = YES;
				CLANG_WARN_OBJC_IMPLICIT_RETAIN_SELF = YES;
				CLANG_WARN_OBJC_LITERAL_CONVERSION = YES;
				CLANG_WARN_OBJC_ROOT_CLASS = YES_ERROR;
				CLANG_WARN_QUOTED_INCLUDE_IN_FRAMEWORK_HEADER = YES;
				CLANG_WARN_RANGE_LOOP_ANALYSIS = YES;
				CLANG_WARN_STRICT_PROTOTYPES = YES;
				CLANG_WARN_SUSPICIOUS_MOVE = YES;
				CLANG_WARN_UNGUARDED_AVAILABILITY = YES_AGGRESSIVE;
				CLANG_WARN_UNREACHABLE_CODE = YES;
				CLANG_WARN__DUPLICATE_METHOD_MATCH = YES;
				COPY_PHASE_STRIP = NO;
				DEBUG_INFORMATION_FORMAT = "dwarf-with-dsym";
				ENABLE_NS_ASSERTIONS = NO;
				ENABLE_STRICT_OBJC_MSGSEND = YES;
				GCC_C_LANGUAGE_STANDARD = gnu11;
				GCC_NO_COMMON_BLOCKS = YES;
				GCC_WARN_64_TO_32_BIT_CONVERSION = YES;
				GCC_WARN_ABOUT_RETURN_TYPE = YES_ERROR;
				GCC_WARN_UNDECLARED_SELECTOR = YES;
				GCC_WARN_UNINITIALIZED_AUTOS = YES_AGGRESSIVE;
				GCC_WARN_UNUSED_FUNCTION = YES;
				GCC_WARN_UNUSED_VARIABLE = YES;
				IPHONEOS_DEPLOYMENT_TARGET = 14.4;
				MTL_ENABLE_DEBUG_INFO = NO;
				MTL_FAST_MATH = YES;
				SDKROOT = iphoneos;
				SWIFT_COMPILATION_MODE = wholemodule;
				SWIFT_OPTIMIZATION_LEVEL = "-O";
				VALIDATE_PRODUCT = YES;
			};
			name = Release;
		};
		1862CAD126006E2B009D8E44 /* Debug */ = {
			isa = XCBuildConfiguration;
			buildSettings = {
				ASSETCATALOG_COMPILER_APPICON_NAME = AppIcon;
				ASSETCATALOG_COMPILER_GLOBAL_ACCENT_COLOR_NAME = AccentColor;
				CODE_SIGN_STYLE = Automatic;
				DEVELOPMENT_ASSET_PATHS = "\"ProdComp/Preview Content\"";
				ENABLE_PREVIEWS = YES;
				INFOPLIST_FILE = ProdComp/Info.plist;
				LD_RUNPATH_SEARCH_PATHS = (
					"$(inherited)",
					"@executable_path/Frameworks",
				);
				PRODUCT_BUNDLE_IDENTIFIER = "myself-iggi.ProdComp";
				PRODUCT_NAME = "$(TARGET_NAME)";
				SWIFT_VERSION = 5.0;
				TARGETED_DEVICE_FAMILY = "1,2";
			};
			name = Debug;
		};
		1862CAD226006E2B009D8E44 /* Release */ = {
			isa = XCBuildConfiguration;
			buildSettings = {
				ASSETCATALOG_COMPILER_APPICON_NAME = AppIcon;
				ASSETCATALOG_COMPILER_GLOBAL_ACCENT_COLOR_NAME = AccentColor;
				CODE_SIGN_STYLE = Automatic;
				DEVELOPMENT_ASSET_PATHS = "\"ProdComp/Preview Content\"";
				ENABLE_PREVIEWS = YES;
				INFOPLIST_FILE = ProdComp/Info.plist;
				LD_RUNPATH_SEARCH_PATHS = (
					"$(inherited)",
					"@executable_path/Frameworks",
				);
				PRODUCT_BUNDLE_IDENTIFIER = "myself-iggi.ProdComp";
				PRODUCT_NAME = "$(TARGET_NAME)";
				SWIFT_VERSION = 5.0;
				TARGETED_DEVICE_FAMILY = "1,2";
			};
			name = Release;
		};
		1862CAD426006E2B009D8E44 /* Debug */ = {
			isa = XCBuildConfiguration;
			buildSettings = {
				ALWAYS_EMBED_SWIFT_STANDARD_LIBRARIES = YES;
				BUNDLE_LOADER = "$(TEST_HOST)";
				CODE_SIGN_STYLE = Automatic;
				INFOPLIST_FILE = ProdCompTests/Info.plist;
				IPHONEOS_DEPLOYMENT_TARGET = 14.4;
				LD_RUNPATH_SEARCH_PATHS = (
					"$(inherited)",
					"@executable_path/Frameworks",
					"@loader_path/Frameworks",
				);
				PRODUCT_BUNDLE_IDENTIFIER = "myself-iggi.ProdCompTests";
				PRODUCT_NAME = "$(TARGET_NAME)";
				SWIFT_VERSION = 5.0;
				TARGETED_DEVICE_FAMILY = "1,2";
				TEST_HOST = "$(BUILT_PRODUCTS_DIR)/ProdComp.app/ProdComp";
			};
			name = Debug;
		};
		1862CAD526006E2B009D8E44 /* Release */ = {
			isa = XCBuildConfiguration;
			buildSettings = {
				ALWAYS_EMBED_SWIFT_STANDARD_LIBRARIES = YES;
				BUNDLE_LOADER = "$(TEST_HOST)";
				CODE_SIGN_STYLE = Automatic;
				INFOPLIST_FILE = ProdCompTests/Info.plist;
				IPHONEOS_DEPLOYMENT_TARGET = 14.4;
				LD_RUNPATH_SEARCH_PATHS = (
					"$(inherited)",
					"@executable_path/Frameworks",
					"@loader_path/Frameworks",
				);
				PRODUCT_BUNDLE_IDENTIFIER = "myself-iggi.ProdCompTests";
				PRODUCT_NAME = "$(TARGET_NAME)";
				SWIFT_VERSION = 5.0;
				TARGETED_DEVICE_FAMILY = "1,2";
				TEST_HOST = "$(BUILT_PRODUCTS_DIR)/ProdComp.app/ProdComp";
			};
			name = Release;
		};
		1862CAD726006E2B009D8E44 /* Debug */ = {
			isa = XCBuildConfiguration;
			buildSettings = {
				ALWAYS_EMBED_SWIFT_STANDARD_LIBRARIES = YES;
				CODE_SIGN_STYLE = Automatic;
				INFOPLIST_FILE = ProdCompUITests/Info.plist;
				LD_RUNPATH_SEARCH_PATHS = (
					"$(inherited)",
					"@executable_path/Frameworks",
					"@loader_path/Frameworks",
				);
				PRODUCT_BUNDLE_IDENTIFIER = "myself-iggi.ProdCompUITests";
				PRODUCT_NAME = "$(TARGET_NAME)";
				SWIFT_VERSION = 5.0;
				TARGETED_DEVICE_FAMILY = "1,2";
				TEST_TARGET_NAME = ProdComp;
			};
			name = Debug;
		};
		1862CAD826006E2B009D8E44 /* Release */ = {
			isa = XCBuildConfiguration;
			buildSettings = {
				ALWAYS_EMBED_SWIFT_STANDARD_LIBRARIES = YES;
				CODE_SIGN_STYLE = Automatic;
				INFOPLIST_FILE = ProdCompUITests/Info.plist;
				LD_RUNPATH_SEARCH_PATHS = (
					"$(inherited)",
					"@executable_path/Frameworks",
					"@loader_path/Frameworks",
				);
				PRODUCT_BUNDLE_IDENTIFIER = "myself-iggi.ProdCompUITests";
				PRODUCT_NAME = "$(TARGET_NAME)";
				SWIFT_VERSION = 5.0;
				TARGETED_DEVICE_FAMILY = "1,2";
				TEST_TARGET_NAME = ProdComp;
			};
			name = Release;
		};
/* End XCBuildConfiguration section */

/* Begin XCConfigurationList section */
		1862CAA126006E24009D8E44 /* Build configuration list for PBXProject "ProdComp" */ = {
			isa = XCConfigurationList;
			buildConfigurations = (
				1862CACE26006E2B009D8E44 /* Debug */,
				1862CACF26006E2B009D8E44 /* Release */,
			);
			defaultConfigurationIsVisible = 0;
			defaultConfigurationName = Release;
		};
		1862CAD026006E2B009D8E44 /* Build configuration list for PBXNativeTarget "ProdComp" */ = {
			isa = XCConfigurationList;
			buildConfigurations = (
				1862CAD126006E2B009D8E44 /* Debug */,
				1862CAD226006E2B009D8E44 /* Release */,
			);
			defaultConfigurationIsVisible = 0;
			defaultConfigurationName = Release;
		};
		1862CAD326006E2B009D8E44 /* Build configuration list for PBXNativeTarget "ProdCompTests" */ = {
			isa = XCConfigurationList;
			buildConfigurations = (
				1862CAD426006E2B009D8E44 /* Debug */,
				1862CAD526006E2B009D8E44 /* Release */,
			);
			defaultConfigurationIsVisible = 0;
			defaultConfigurationName = Release;
		};
		1862CAD626006E2B009D8E44 /* Build configuration list for PBXNativeTarget "ProdCompUITests" */ = {
			isa = XCConfigurationList;
			buildConfigurations = (
				1862CAD726006E2B009D8E44 /* Debug */,
				1862CAD826006E2B009D8E44 /* Release */,
			);
			defaultConfigurationIsVisible = 0;
			defaultConfigurationName = Release;
		};
/* End XCConfigurationList section */
	};
	rootObject = 1862CA9E26006E24009D8E44 /* Project object */;
}
